
Microsoft Visual Studio Solution File, Format Version 12.00
# Visual Studio Version 17
VisualStudioVersion = 17.4.33110.190
MinimumVisualStudioVersion = 10.0.40219.1
Project("{FAE04EC0-301F-11D3-BF4B-00C04F79EFBC}") = "MoodAnalyzerProblem", "MoodAnalyzerProblem.csproj", "{5CDF7B6B-1DD0-4F0C-9BF3-5640D071E07D}"
EndProject
Project("{FAE04EC0-301F-11D3-BF4B-00C04F79EFBC}") = "TestMood", "..\TestMood\TestMood.csproj", "{9193D593-EE00-45F0-BBD0-9F91DE4CC8CD}"
EndProject
Global
	GlobalSection(SolutionConfigurationPlatforms) = preSolution
		Debug|Any CPU = Debug|Any CPU
		Release|Any CPU = Release|Any CPU
	EndGlobalSection
	GlobalSection(ProjectConfigurationPlatforms) = postSolution
		{5CDF7B6B-1DD0-4F0C-9BF3-5640D071E07D}.Debug|Any CPU.ActiveCfg = Debug|Any CPU
		{5CDF7B6B-1DD0-4F0C-9BF3-5640D071E07D}.Debug|Any CPU.Build.0 = Debug|Any CPU
		{5CDF7B6B-1DD0-4F0C-9BF3-5640D071E07D}.Release|Any CPU.ActiveCfg = Release|Any CPU
		{5CDF7B6B-1DD0-4F0C-9BF3-5640D071E07D}.Release|Any CPU.Build.0 = Release|Any CPU
		{9193D593-EE00-45F0-BBD0-9F91DE4CC8CD}.Debug|Any CPU.ActiveCfg = Debug|Any CPU
		{9193D593-EE00-45F0-BBD0-9F91DE4CC8CD}.Debug|Any CPU.Build.0 = Debug|Any CPU
		{9193D593-EE00-45F0-BBD0-9F91DE4CC8CD}.Release|Any CPU.ActiveCfg = Release|Any CPU
		{9193D593-EE00-45F0-BBD0-9F91DE4CC8CD}.Release|Any CPU.Build.0 = Release|Any CPU
	EndGlobalSection
	GlobalSection(SolutionProperties) = preSolution
		HideSolutionNode = FALSE
	EndGlobalSection
	GlobalSection(ExtensibilityGlobals) = postSolution
		SolutionGuid = {328B130E-AF96-4D06-8C8F-17257B163395}
	EndGlobalSection
EndGlobal
